// !$*UTF8*$!
{
	archiveVersion = 1;
	classes = {
	};
	objectVersion = 48;
	objects = {

/* Begin PBXBuildFile section */
		B30EB3AD202C316F00CBAA2A /* AppDelegate.swift in Sources */ = {isa = PBXBuildFile; fileRef = B30EB3AC202C316F00CBAA2A /* AppDelegate.swift */; };
		B30EB3AF202C316F00CBAA2A /* ViewController.swift in Sources */ = {isa = PBXBuildFile; fileRef = B30EB3AE202C316F00CBAA2A /* ViewController.swift */; };
		B30EB3B2202C316F00CBAA2A /* Main.storyboard in Resources */ = {isa = PBXBuildFile; fileRef = B30EB3B0202C316F00CBAA2A /* Main.storyboard */; };
		B30EB3B4202C316F00CBAA2A /* Assets.xcassets in Resources */ = {isa = PBXBuildFile; fileRef = B30EB3B3202C316F00CBAA2A /* Assets.xcassets */; };
		B30EB3B7202C316F00CBAA2A /* LaunchScreen.storyboard in Resources */ = {isa = PBXBuildFile; fileRef = B30EB3B5202C316F00CBAA2A /* LaunchScreen.storyboard */; };
		B30EB3C2202C317000CBAA2A /* Pokedex3Tests.swift in Sources */ = {isa = PBXBuildFile; fileRef = B30EB3C1202C317000CBAA2A /* Pokedex3Tests.swift */; };
		B30EB3CD202C317000CBAA2A /* Pokedex3UITests.swift in Sources */ = {isa = PBXBuildFile; fileRef = B30EB3CC202C317000CBAA2A /* Pokedex3UITests.swift */; };
/* End PBXBuildFile section */

/* Begin PBXContainerItemProxy section */
		B30EB3BE202C317000CBAA2A /* PBXContainerItemProxy */ = {
			isa = PBXContainerItemProxy;
			containerPortal = B30EB3A1202C316F00CBAA2A /* Project object */;
			proxyType = 1;
			remoteGlobalIDString = B30EB3A8202C316F00CBAA2A;
			remoteInfo = Pokedex3;
		};
		B30EB3C9202C317000CBAA2A /* PBXContainerItemProxy */ = {
			isa = PBXContainerItemProxy;
			containerPortal = B30EB3A1202C316F00CBAA2A /* Project object */;
			proxyType = 1;
			remoteGlobalIDString = B30EB3A8202C316F00CBAA2A;
			remoteInfo = Pokedex3;
		};
/* End PBXContainerItemProxy section */

/* Begin PBXFileReference section */
		B30EB3A9202C316F00CBAA2A /* Pokedex3.app */ = {isa = PBXFileReference; explicitFileType = wrapper.application; includeInIndex = 0; path = Pokedex3.app; sourceTree = BUILT_PRODUCTS_DIR; };
		B30EB3AC202C316F00CBAA2A /* AppDelegate.swift */ = {isa = PBXFileReference; lastKnownFileType = sourcecode.swift; path = AppDelegate.swift; sourceTree = "<group>"; };
		B30EB3AE202C316F00CBAA2A /* ViewController.swift */ = {isa = PBXFileReference; lastKnownFileType = sourcecode.swift; path = ViewController.swift; sourceTree = "<group>"; };
		B30EB3B1202C316F00CBAA2A /* Base */ = {isa = PBXFileReference; lastKnownFileType = file.storyboard; name = Base; path = Base.lproj/Main.storyboard; sourceTree = "<group>"; };
		B30EB3B3202C316F00CBAA2A /* Assets.xcassets */ = {isa = PBXFileReference; lastKnownFileType = folder.assetcatalog; path = Assets.xcassets; sourceTree = "<group>"; };
		B30EB3B6202C316F00CBAA2A /* Base */ = {isa = PBXFileReference; lastKnownFileType = file.storyboard; name = Base; path = Base.lproj/LaunchScreen.storyboard; sourceTree = "<group>"; };
		B30EB3B8202C316F00CBAA2A /* Info.plist */ = {isa = PBXFileReference; lastKnownFileType = text.plist.xml; path = Info.plist; sourceTree = "<group>"; };
		B30EB3BD202C317000CBAA2A /* Pokedex3Tests.xctest */ = {isa = PBXFileReference; explicitFileType = wrapper.cfbundle; includeInIndex = 0; path = Pokedex3Tests.xctest; sourceTree = BUILT_PRODUCTS_DIR; };
		B30EB3C1202C317000CBAA2A /* Pokedex3Tests.swift */ = {isa = PBXFileReference; lastKnownFileType = sourcecode.swift; path = Pokedex3Tests.swift; sourceTree = "<group>"; };
		B30EB3C3202C317000CBAA2A /* Info.plist */ = {isa = PBXFileReference; lastKnownFileType = text.plist.xml; path = Info.plist; sourceTree = "<group>"; };
		B30EB3C8202C317000CBAA2A /* Pokedex3UITests.xctest */ = {isa = PBXFileReference; explicitFileType = wrapper.cfbundle; includeInIndex = 0; path = Pokedex3UITests.xctest; sourceTree = BUILT_PRODUCTS_DIR; };
		B30EB3CC202C317000CBAA2A /* Pokedex3UITests.swift */ = {isa = PBXFileReference; lastKnownFileType = sourcecode.swift; path = Pokedex3UITests.swift; sourceTree = "<group>"; };
		B30EB3CE202C317000CBAA2A /* Info.plist */ = {isa = PBXFileReference; lastKnownFileType = text.plist.xml; path = Info.plist; sourceTree = "<group>"; };
/* End PBXFileReference section */

/* Begin PBXFrameworksBuildPhase section */
		B30EB3A6202C316F00CBAA2A /* Frameworks */ = {
			isa = PBXFrameworksBuildPhase;
			buildActionMask = 2147483647;
			files = (
			);
			runOnlyForDeploymentPostprocessing = 0;
		};
		B30EB3BA202C317000CBAA2A /* Frameworks */ = {
			isa = PBXFrameworksBuildPhase;
			buildActionMask = 2147483647;
			files = (
			);
			runOnlyForDeploymentPostprocessing = 0;
		};
		B30EB3C5202C317000CBAA2A /* Frameworks */ = {
			isa = PBXFrameworksBuildPhase;
			buildActionMask = 2147483647;
			files = (
			);
			runOnlyForDeploymentPostprocessing = 0;
		};
/* End PBXFrameworksBuildPhase section */

/* Begin PBXGroup section */
		B30EB3A0202C316F00CBAA2A = {
			isa = PBXGroup;
			children = (
				B30EB3AB202C316F00CBAA2A /* Pokedex3 */,
				B30EB3C0202C317000CBAA2A /* Pokedex3Tests */,
				B30EB3CB202C317000CBAA2A /* Pokedex3UITests */,
				B30EB3AA202C316F00CBAA2A /* Products */,
			);
			sourceTree = "<group>";
		};
		B30EB3AA202C316F00CBAA2A /* Products */ = {
			isa = PBXGroup;
			children = (
				B30EB3A9202C316F00CBAA2A /* Pokedex3.app */,
				B30EB3BD202C317000CBAA2A /* Pokedex3Tests.xctest */,
				B30EB3C8202C317000CBAA2A /* Pokedex3UITests.xctest */,
			);
			name = Products;
			sourceTree = "<group>";
		};
		B30EB3AB202C316F00CBAA2A /* Pokedex3 */ = {
			isa = PBXGroup;
			children = (
				B30EB3AC202C316F00CBAA2A /* AppDelegate.swift */,
				B30EB3AE202C316F00CBAA2A /* ViewController.swift */,
				B30EB3B0202C316F00CBAA2A /* Main.storyboard */,
				B30EB3B3202C316F00CBAA2A /* Assets.xcassets */,
				B30EB3B5202C316F00CBAA2A /* LaunchScreen.storyboard */,
				B30EB3B8202C316F00CBAA2A /* Info.plist */,
			);
			path = Pokedex3;
			sourceTree = "<group>";
		};
		B30EB3C0202C317000CBAA2A /* Pokedex3Tests */ = {
			isa = PBXGroup;
			children = (
				B30EB3C1202C317000CBAA2A /* Pokedex3Tests.swift */,
				B30EB3C3202C317000CBAA2A /* Info.plist */,
			);
			path = Pokedex3Tests;
			sourceTree = "<group>";
		};
		B30EB3CB202C317000CBAA2A /* Pokedex3UITests */ = {
			isa = PBXGroup;
			children = (
				B30EB3CC202C317000CBAA2A /* Pokedex3UITests.swift */,
				B30EB3CE202C317000CBAA2A /* Info.plist */,
			);
			path = Pokedex3UITests;
			sourceTree = "<group>";
		};
/* End PBXGroup section */

/* Begin PBXNativeTarget section */
		B30EB3A8202C316F00CBAA2A /* Pokedex3 */ = {
			isa = PBXNativeTarget;
			buildConfigurationList = B30EB3D1202C317000CBAA2A /* Build configuration list for PBXNativeTarget "Pokedex3" */;
			buildPhases = (
				B30EB3A5202C316F00CBAA2A /* Sources */,
				B30EB3A6202C316F00CBAA2A /* Frameworks */,
				B30EB3A7202C316F00CBAA2A /* Resources */,
			);
			buildRules = (
			);
			dependencies = (
			);
			name = Pokedex3;
			productName = Pokedex3;
			productReference = B30EB3A9202C316F00CBAA2A /* Pokedex3.app */;
			productType = "com.apple.product-type.application";
		};
		B30EB3BC202C317000CBAA2A /* Pokedex3Tests */ = {
			isa = PBXNativeTarget;
			buildConfigurationList = B30EB3D4202C317000CBAA2A /* Build configuration list for PBXNativeTarget "Pokedex3Tests" */;
			buildPhases = (
				B30EB3B9202C317000CBAA2A /* Sources */,
				B30EB3BA202C317000CBAA2A /* Frameworks */,
				B30EB3BB202C317000CBAA2A /* Resources */,
			);
			buildRules = (
			);
			dependencies = (
				B30EB3BF202C317000CBAA2A /* PBXTargetDependency */,
			);
			name = Pokedex3Tests;
			productName = Pokedex3Tests;
			productReference = B30EB3BD202C317000CBAA2A /* Pokedex3Tests.xctest */;
			productType = "com.apple.product-type.bundle.unit-test";
		};
		B30EB3C7202C317000CBAA2A /* Pokedex3UITests */ = {
			isa = PBXNativeTarget;
			buildConfigurationList = B30EB3D7202C317000CBAA2A /* Build configuration list for PBXNativeTarget "Pokedex3UITests" */;
			buildPhases = (
				B30EB3C4202C317000CBAA2A /* Sources */,
				B30EB3C5202C317000CBAA2A /* Frameworks */,
				B30EB3C6202C317000CBAA2A /* Resources */,
			);
			buildRules = (
			);
			dependencies = (
				B30EB3CA202C317000CBAA2A /* PBXTargetDependency */,
			);
			name = Pokedex3UITests;
			productName = Pokedex3UITests;
			productReference = B30EB3C8202C317000CBAA2A /* Pokedex3UITests.xctest */;
			productType = "com.apple.product-type.bundle.ui-testing";
		};
/* End PBXNativeTarget section */

/* Begin PBXProject section */
		B30EB3A1202C316F00CBAA2A /* Project object */ = {
			isa = PBXProject;
			attributes = {
				LastSwiftUpdateCheck = 0920;
				LastUpgradeCheck = 0920;
				ORGANIZATIONNAME = "Praveen  Kushwaha";
				TargetAttributes = {
					B30EB3A8202C316F00CBAA2A = {
						CreatedOnToolsVersion = 9.2;
						ProvisioningStyle = Automatic;
					};
					B30EB3BC202C317000CBAA2A = {
						CreatedOnToolsVersion = 9.2;
						ProvisioningStyle = Automatic;
						TestTargetID = B30EB3A8202C316F00CBAA2A;
					};
					B30EB3C7202C317000CBAA2A = {
						CreatedOnToolsVersion = 9.2;
						ProvisioningStyle = Automatic;
						TestTargetID = B30EB3A8202C316F00CBAA2A;
					};
				};
			};
			buildConfigurationList = B30EB3A4202C316F00CBAA2A /* Build configuration list for PBXProject "Pokedex3" */;
			compatibilityVersion = "Xcode 8.0";
			developmentRegion = en;
			hasScannedForEncodings = 0;
			knownRegions = (
				en,
				Base,
			);
			mainGroup = B30EB3A0202C316F00CBAA2A;
			productRefGroup = B30EB3AA202C316F00CBAA2A /* Products */;
			projectDirPath = "";
			projectRoot = "";
			targets = (
				B30EB3A8202C316F00CBAA2A /* Pokedex3 */,
				B30EB3BC202C317000CBAA2A /* Pokedex3Tests */,
				B30EB3C7202C317000CBAA2A /* Pokedex3UITests */,
			);
		};
/* End PBXProject section */

/* Begin PBXResourcesBuildPhase section */
		B30EB3A7202C316F00CBAA2A /* Resources */ = {
			isa = PBXResourcesBuildPhase;
			buildActionMask = 2147483647;
			files = (
				B30EB3B7202C316F00CBAA2A /* LaunchScreen.storyboard in Resources */,
				B30EB3B4202C316F00CBAA2A /* Assets.xcassets in Resources */,
				B30EB3B2202C316F00CBAA2A /* Main.storyboard in Resources */,
			);
			runOnlyForDeploymentPostprocessing = 0;
		};
		B30EB3BB202C317000CBAA2A /* Resources */ = {
			isa = PBXResourcesBuildPhase;
			buildActionMask = 2147483647;
			files = (
			);
			runOnlyForDeploymentPostprocessing = 0;
		};
		B30EB3C6202C317000CBAA2A /* Resources */ = {
			isa = PBXResourcesBuildPhase;
			buildActionMask = 2147483647;
			files = (
			);
			runOnlyForDeploymentPostprocessing = 0;
		};
/* End PBXResourcesBuildPhase section */

/* Begin PBXSourcesBuildPhase section */
		B30EB3A5202C316F00CBAA2A /* Sources */ = {
			isa = PBXSourcesBuildPhase;
			buildActionMask = 2147483647;
			files = (
				B30EB3AF202C316F00CBAA2A /* ViewController.swift in Sources */,
				B30EB3AD202C316F00CBAA2A /* AppDelegate.swift in Sources */,
			);
			runOnlyForDeploymentPostprocessing = 0;
		};
		B30EB3B9202C317000CBAA2A /* Sources */ = {
			isa = PBXSourcesBuildPhase;
			buildActionMask = 2147483647;
			files = (
				B30EB3C2202C317000CBAA2A /* Pokedex3Tests.swift in Sources */,
			);
			runOnlyForDeploymentPostprocessing = 0;
		};
		B30EB3C4202C317000CBAA2A /* Sources */ = {
			isa = PBXSourcesBuildPhase;
			buildActionMask = 2147483647;
			files = (
				B30EB3CD202C317000CBAA2A /* Pokedex3UITests.swift in Sources */,
			);
			runOnlyForDeploymentPostprocessing = 0;
		};
/* End PBXSourcesBuildPhase section */

/* Begin PBXTargetDependency section */
		B30EB3BF202C317000CBAA2A /* PBXTargetDependency */ = {
			isa = PBXTargetDependency;
			target = B30EB3A8202C316F00CBAA2A /* Pokedex3 */;
			targetProxy = B30EB3BE202C317000CBAA2A /* PBXContainerItemProxy */;
		};
		B30EB3CA202C317000CBAA2A /* PBXTargetDependency */ = {
			isa = PBXTargetDependency;
			target = B30EB3A8202C316F00CBAA2A /* Pokedex3 */;
			targetProxy = B30EB3C9202C317000CBAA2A /* PBXContainerItemProxy */;
		};
/* End PBXTargetDependency section */

/* Begin PBXVariantGroup section */
		B30EB3B0202C316F00CBAA2A /* Main.storyboard */ = {
			isa = PBXVariantGroup;
			children = (
				B30EB3B1202C316F00CBAA2A /* Base */,
			);
			name = Main.storyboard;
			sourceTree = "<group>";
		};
		B30EB3B5202C316F00CBAA2A /* LaunchScreen.storyboard */ = {
			isa = PBXVariantGroup;
			children = (
				B30EB3B6202C316F00CBAA2A /* Base */,
			);
			name = LaunchScreen.storyboard;
			sourceTree = "<group>";
		};
/* End PBXVariantGroup section */

/* Begin XCBuildConfiguration section */
		B30EB3CF202C317000CBAA2A /* Debug */ = {
			isa = XCBuildConfiguration;
			buildSettings = {
				ALWAYS_SEARCH_USER_PATHS = NO;
				CLANG_ANALYZER_NONNULL = YES;
				CLANG_ANALYZER_NUMBER_OBJECT_CONVERSION = YES_AGGRESSIVE;
				CLANG_CXX_LANGUAGE_STANDARD = "gnu++14";
				CLANG_CXX_LIBRARY = "libc++";
				CLANG_ENABLE_MODULES = YES;
				CLANG_ENABLE_OBJC_ARC = YES;
				CLANG_WARN_BLOCK_CAPTURE_AUTORELEASING = YES;
				CLANG_WARN_BOOL_CONVERSION = YES;
				CLANG_WARN_COMMA = YES;
				CLANG_WARN_CONSTANT_CONVERSION = YES;
				CLANG_WARN_DIRECT_OBJC_ISA_USAGE = YES_ERROR;
				CLANG_WARN_DOCUMENTATION_COMMENTS = YES;
				CLANG_WARN_EMPTY_BODY = YES;
				CLANG_WARN_ENUM_CONVERSION = YES;
				CLANG_WARN_INFINITE_RECURSION = YES;
				CLANG_WARN_INT_CONVERSION = YES;
				CLANG_WARN_NON_LITERAL_NULL_CONVERSION = YES;
				CLANG_WARN_OBJC_LITERAL_CONVERSION = YES;
				CLANG_WARN_OBJC_ROOT_CLASS = YES_ERROR;
				CLANG_WARN_RANGE_LOOP_ANALYSIS = YES;
				CLANG_WARN_STRICT_PROTOTYPES = YES;
				CLANG_WARN_SUSPICIOUS_MOVE = YES;
				CLANG_WARN_UNGUARDED_AVAILABILITY = YES_AGGRESSIVE;
				CLANG_WARN_UNREACHABLE_CODE = YES;
				CLANG_WARN__DUPLICATE_METHOD_MATCH = YES;
				CODE_SIGN_IDENTITY = "iPhone Developer";
				COPY_PHASE_STRIP = NO;
				DEBUG_INFORMATION_FORMAT = dwarf;
				ENABLE_STRICT_OBJC_MSGSEND = YES;
				ENABLE_TESTABILITY = YES;
				GCC_C_LANGUAGE_STANDARD = gnu11;
				GCC_DYNAMIC_NO_PIC = NO;
				GCC_NO_COMMON_BLOCKS = YES;
				GCC_OPTIMIZATION_LEVEL = 0;
				GCC_PREPROCESSOR_DEFINITIONS = (
					"DEBUG=1",
					"$(inherited)",
				);
				GCC_WARN_64_TO_32_BIT_CONVERSION = YES;
				GCC_WARN_ABOUT_RETURN_TYPE = YES_ERROR;
				GCC_WARN_UNDECLARED_SELECTOR = YES;
				GCC_WARN_UNINITIALIZED_AUTOS = YES_AGGRESSIVE;
				GCC_WARN_UNUSED_FUNCTION = YES;
				GCC_WARN_UNUSED_VARIABLE = YES;
				IPHONEOS_DEPLOYMENT_TARGET = 11.2;
				MTL_ENABLE_DEBUG_INFO = YES;
				ONLY_ACTIVE_ARCH = YES;
				SDKROOT = iphoneos;
				SWIFT_ACTIVE_COMPILATION_CONDITIONS = DEBUG;
				SWIFT_OPTIMIZATION_LEVEL = "-Onone";
			};
			name = Debug;
		};
		B30EB3D0202C317000CBAA2A /* Release */ = {
			isa = XCBuildConfiguration;
			buildSettings = {
				ALWAYS_SEARCH_USER_PATHS = NO;
				CLANG_ANALYZER_NONNULL = YES;
				CLANG_ANALYZER_NUMBER_OBJECT_CONVERSION = YES_AGGRESSIVE;
				CLANG_CXX_LANGUAGE_STANDARD = "gnu++14";
				CLANG_CXX_LIBRARY = "libc++";
				CLANG_ENABLE_MODULES = YES;
				CLANG_ENABLE_OBJC_ARC = YES;
				CLANG_WARN_BLOCK_CAPTURE_AUTORELEASING = YES;
				CLANG_WARN_BOOL_CONVERSION = YES;
				CLANG_WARN_COMMA = YES;
				CLANG_WARN_CONSTANT_CONVERSION = YES;
				CLANG_WARN_DIRECT_OBJC_ISA_USAGE = YES_ERROR;
				CLANG_WARN_DOCUMENTATION_COMMENTS = YES;
				CLANG_WARN_EMPTY_BODY = YES;
				CLANG_WARN_ENUM_CONVERSION = YES;
				CLANG_WARN_INFINITE_RECURSION = YES;
				CLANG_WARN_INT_CONVERSION = YES;
				CLANG_WARN_NON_LITERAL_NULL_CONVERSION = YES;
				CLANG_WARN_OBJC_LITERAL_CONVERSION = YES;
				CLANG_WARN_OBJC_ROOT_CLASS = YES_ERROR;
				CLANG_WARN_RANGE_LOOP_ANALYSIS = YES;
				CLANG_WARN_STRICT_PROTOTYPES = YES;
				CLANG_WARN_SUSPICIOUS_MOVE = YES;
				CLANG_WARN_UNGUARDED_AVAILABILITY = YES_AGGRESSIVE;
				CLANG_WARN_UNREACHABLE_CODE = YES;
				CLANG_WARN__DUPLICATE_METHOD_MATCH = YES;
				CODE_SIGN_IDENTITY = "iPhone Developer";
				COPY_PHASE_STRIP = NO;
				DEBUG_INFORMATION_FORMAT = "dwarf-with-dsym";
				ENABLE_NS_ASSERTIONS = NO;
				ENABLE_STRICT_OBJC_MSGSEND = YES;
				GCC_C_LANGUAGE_STANDARD = gnu11;
				GCC_NO_COMMON_BLOCKS = YES;
				GCC_WARN_64_TO_32_BIT_CONVERSION = YES;
				GCC_WARN_ABOUT_RETURN_TYPE = YES_ERROR;
				GCC_WARN_UNDECLARED_SELECTOR = YES;
				GCC_WARN_UNINITIALIZED_AUTOS = YES_AGGRESSIVE;
				GCC_WARN_UNUSED_FUNCTION = YES;
				GCC_WARN_UNUSED_VARIABLE = YES;
				IPHONEOS_DEPLOYMENT_TARGET = 11.2;
				MTL_ENABLE_DEBUG_INFO = NO;
				SDKROOT = iphoneos;
				SWIFT_OPTIMIZATION_LEVEL = "-Owholemodule";
				VALIDATE_PRODUCT = YES;
			};
			name = Release;
		};
		B30EB3D2202C317000CBAA2A /* Debug */ = {
			isa = XCBuildConfiguration;
			buildSettings = {
				ASSETCATALOG_COMPILER_APPICON_NAME = AppIcon;
				CODE_SIGN_STYLE = Automatic;
				DEVELOPMENT_TEAM = 5U2GUWX847;
				INFOPLIST_FILE = Pokedex3/Info.plist;
				LD_RUNPATH_SEARCH_PATHS = "$(inherited) @executable_path/Frameworks";
				PRODUCT_BUNDLE_IDENTIFIER = pk.Pokedex3;
				PRODUCT_NAME = "$(TARGET_NAME)";
				SWIFT_VERSION = 4.0;
				TARGETED_DEVICE_FAMILY = "1,2";
			};
			name = Debug;
		};
		B30EB3D3202C317000CBAA2A /* Release */ = {
			isa = XCBuildConfiguration;
			buildSettings = {
				ASSETCATALOG_COMPILER_APPICON_NAME = AppIcon;
				CODE_SIGN_STYLE = Automatic;
				DEVELOPMENT_TEAM = 5U2GUWX847;
				INFOPLIST_FILE = Pokedex3/Info.plist;
				LD_RUNPATH_SEARCH_PATHS = "$(inherited) @executable_path/Frameworks";
				PRODUCT_BUNDLE_IDENTIFIER = pk.Pokedex3;
				PRODUCT_NAME = "$(TARGET_NAME)";
				SWIFT_VERSION = 4.0;
				TARGETED_DEVICE_FAMILY = "1,2";
			};
			name = Release;
		};
		B30EB3D5202C317000CBAA2A /* Debug */ = {
			isa = XCBuildConfiguration;
			buildSettings = {
				ALWAYS_EMBED_SWIFT_STANDARD_LIBRARIES = YES;
				BUNDLE_LOADER = "$(TEST_HOST)";
				CODE_SIGN_STYLE = Automatic;
				DEVELOPMENT_TEAM = 5U2GUWX847;
				INFOPLIST_FILE = Pokedex3Tests/Info.plist;
				LD_RUNPATH_SEARCH_PATHS = "$(inherited) @executable_path/Frameworks @loader_path/Frameworks";
				PRODUCT_BUNDLE_IDENTIFIER = pk.Pokedex3Tests;
				PRODUCT_NAME = "$(TARGET_NAME)";
				SWIFT_VERSION = 4.0;
				TARGETED_DEVICE_FAMILY = "1,2";
				TEST_HOST = "$(BUILT_PRODUCTS_DIR)/Pokedex3.app/Pokedex3";
			};
			name = Debug;
		};
		B30EB3D6202C317000CBAA2A /* Release */ = {
			isa = XCBuildConfiguration;
			buildSettings = {
				ALWAYS_EMBED_SWIFT_STANDARD_LIBRARIES = YES;
				BUNDLE_LOADER = "$(TEST_HOST)";
				CODE_SIGN_STYLE = Automatic;
				DEVELOPMENT_TEAM = 5U2GUWX847;
				INFOPLIST_FILE = Pokedex3Tests/Info.plist;
				LD_RUNPATH_SEARCH_PATHS = "$(inherited) @executable_path/Frameworks @loader_path/Frameworks";
				PRODUCT_BUNDLE_IDENTIFIER = pk.Pokedex3Tests;
				PRODUCT_NAME = "$(TARGET_NAME)";
				SWIFT_VERSION = 4.0;
				TARGETED_DEVICE_FAMILY = "1,2";
				TEST_HOST = "$(BUILT_PRODUCTS_DIR)/Pokedex3.app/Pokedex3";
			};
			name = Release;
		};
		B30EB3D8202C317000CBAA2A /* Debug */ = {
			isa = XCBuildConfiguration;
			buildSettings = {
				ALWAYS_EMBED_SWIFT_STANDARD_LIBRARIES = YES;
				CODE_SIGN_STYLE = Automatic;
				DEVELOPMENT_TEAM = 5U2GUWX847;
				INFOPLIST_FILE = Pokedex3UITests/Info.plist;
				LD_RUNPATH_SEARCH_PATHS = "$(inherited) @executable_path/Frameworks @loader_path/Frameworks";
				PRODUCT_BUNDLE_IDENTIFIER = pk.Pokedex3UITests;
				PRODUCT_NAME = "$(TARGET_NAME)";
				SWIFT_VERSION = 4.0;
				TARGETED_DEVICE_FAMILY = "1,2";
				TEST_TARGET_NAME = Pokedex3;
			};
			name = Debug;
		};
		B30EB3D9202C317000CBAA2A /* Release */ = {
			isa = XCBuildConfiguration;
			buildSettings = {
				ALWAYS_EMBED_SWIFT_STANDARD_LIBRARIES = YES;
				CODE_SIGN_STYLE = Automatic;
				DEVELOPMENT_TEAM = 5U2GUWX847;
				INFOPLIST_FILE = Pokedex3UITests/Info.plist;
				LD_RUNPATH_SEARCH_PATHS = "$(inherited) @executable_path/Frameworks @loader_path/Frameworks";
				PRODUCT_BUNDLE_IDENTIFIER = pk.Pokedex3UITests;
				PRODUCT_NAME = "$(TARGET_NAME)";
				SWIFT_VERSION = 4.0;
				TARGETED_DEVICE_FAMILY = "1,2";
				TEST_TARGET_NAME = Pokedex3;
			};
			name = Release;
		};
/* End XCBuildConfiguration section */

/* Begin XCConfigurationList section */
		B30EB3A4202C316F00CBAA2A /* Build configuration list for PBXProject "Pokedex3" */ = {
			isa = XCConfigurationList;
			buildConfigurations = (
				B30EB3CF202C317000CBAA2A /* Debug */,
				B30EB3D0202C317000CBAA2A /* Release */,
			);
			defaultConfigurationIsVisible = 0;
			defaultConfigurationName = Release;
		};
		B30EB3D1202C317000CBAA2A /* Build configuration list for PBXNativeTarget "Pokedex3" */ = {
			isa = XCConfigurationList;
			buildConfigurations = (
				B30EB3D2202C317000CBAA2A /* Debug */,
				B30EB3D3202C317000CBAA2A /* Release */,
			);
			defaultConfigurationIsVisible = 0;
			defaultConfigurationName = Release;
		};
		B30EB3D4202C317000CBAA2A /* Build configuration list for PBXNativeTarget "Pokedex3Tests" */ = {
			isa = XCConfigurationList;
			buildConfigurations = (
				B30EB3D5202C317000CBAA2A /* Debug */,
				B30EB3D6202C317000CBAA2A /* Release */,
			);
			defaultConfigurationIsVisible = 0;
			defaultConfigurationName = Release;
		};
		B30EB3D7202C317000CBAA2A /* Build configuration list for PBXNativeTarget "Pokedex3UITests" */ = {
			isa = XCConfigurationList;
			buildConfigurations = (
				B30EB3D8202C317000CBAA2A /* Debug */,
				B30EB3D9202C317000CBAA2A /* Release */,
			);
			defaultConfigurationIsVisible = 0;
			defaultConfigurationName = Release;
		};
/* End XCConfigurationList section */
	};
	rootObject = B30EB3A1202C316F00CBAA2A /* Project object */;
}
